
Microsoft Visual Studio Solution File, Format Version 12.00
# Visual Studio Version 17
VisualStudioVersion = 17.6.33815.320
MinimumVisualStudioVersion = 10.0.40219.1
Project("{9A19103F-16F7-4668-BE54-9A1E7A4F7556}") = "ServiceAPI", "ServiceAPI\ServiceAPI.csproj", "{865EE4FA-BBC5-4A10-A688-3DA384BAA54D}"
EndProject
Global
	GlobalSection(SolutionConfigurationPlatforms) = preSolution
		Debug|Any CPU = Debug|Any CPU
		Release|Any CPU = Release|Any CPU
	EndGlobalSection
	GlobalSection(ProjectConfigurationPlatforms) = postSolution
		{865EE4FA-BBC5-4A10-A688-3DA384BAA54D}.Debug|Any CPU.ActiveCfg = Debug|Any CPU
		{865EE4FA-BBC5-4A10-A688-3DA384BAA54D}.Debug|Any CPU.Build.0 = Debug|Any CPU
		{865EE4FA-BBC5-4A10-A688-3DA384BAA54D}.Release|Any CPU.ActiveCfg = Release|Any CPU
		{865EE4FA-BBC5-4A10-A688-3DA384BAA54D}.Release|Any CPU.Build.0 = Release|Any CPU
	EndGlobalSection
	GlobalSection(SolutionProperties) = preSolution
		HideSolutionNode = FALSE
	EndGlobalSection
	GlobalSection(ExtensibilityGlobals) = postSolution
		SolutionGuid = {69A7C564-1AFB-4DEC-A7CD-A693119F5B4C}
	EndGlobalSection
EndGlobal
